
Microsoft Visual Studio Solution File, Format Version 12.00
# Visual Studio Version 16
VisualStudioVersion = 25.0.1704.2
MinimumVisualStudioVersion = 10.0.40219.1
Project("{FAE04EC0-301F-11D3-BF4B-00C04F79EFBC}") = "DriverCRUDApp", "DriverCRUDApp\DriverCRUDApp.csproj", "{D79F0CA4-4D60-47F3-AA36-6B55C4EFB3D3}"
EndProject
Global
	GlobalSection(SolutionConfigurationPlatforms) = preSolution
		Debug|Any CPU = Debug|Any CPU
		Release|Any CPU = Release|Any CPU
	EndGlobalSection
	GlobalSection(ProjectConfigurationPlatforms) = postSolution
		{D79F0CA4-4D60-47F3-AA36-6B55C4EFB3D3}.Debug|Any CPU.ActiveCfg = Debug|Any CPU
		{D79F0CA4-4D60-47F3-AA36-6B55C4EFB3D3}.Debug|Any CPU.Build.0 = Debug|Any CPU
		{D79F0CA4-4D60-47F3-AA36-6B55C4EFB3D3}.Release|Any CPU.ActiveCfg = Release|Any CPU
		{D79F0CA4-4D60-47F3-AA36-6B55C4EFB3D3}.Release|Any CPU.Build.0 = Release|Any CPU
	EndGlobalSection
	GlobalSection(SolutionProperties) = preSolution
		HideSolutionNode = FALSE
	EndGlobalSection
	GlobalSection(ExtensibilityGlobals) = postSolution
		SolutionGuid = {23B1C135-9B9C-4491-AE78-46332C1B8BC5}
	EndGlobalSection
EndGlobal
